
Microsoft Visual Studio Solution File, Format Version 12.00
# Visual Studio Version 16
VisualStudioVersion = 16.0.29418.71
MinimumVisualStudioVersion = 10.0.40219.1
Project("{8BC9CEB8-8B4A-11D0-8D11-00A0C91BC942}") = "InjectorEngine", "InjectorEngine.vcxproj", "{D7ECF761-69E4-4383-B443-ADB636B3B0EA}"
EndProject
Global
	GlobalSection(SolutionConfigurationPlatforms) = preSolution
		Debug|x64 = Debug|x64
		Debug|x86 = Debug|x86
		Release|x64 = Release|x64
		Release|x86 = Release|x86
	EndGlobalSection
	GlobalSection(ProjectConfigurationPlatforms) = postSolution
		{D7ECF761-69E4-4383-B443-ADB636B3B0EA}.Debug|x64.ActiveCfg = Debug|x64
		{D7ECF761-69E4-4383-B443-ADB636B3B0EA}.Debug|x64.Build.0 = Debug|x64
		{D7ECF761-69E4-4383-B443-ADB636B3B0EA}.Debug|x86.ActiveCfg = Debug|Win32
		{D7ECF761-69E4-4383-B443-ADB636B3B0EA}.Debug|x86.Build.0 = Debug|Win32
		{D7ECF761-69E4-4383-B443-ADB636B3B0EA}.Release|x64.ActiveCfg = Release|x64
		{D7ECF761-69E4-4383-B443-ADB636B3B0EA}.Release|x64.Build.0 = Release|x64
		{D7ECF761-69E4-4383-B443-ADB636B3B0EA}.Release|x86.ActiveCfg = Release|Win32
		{D7ECF761-69E4-4383-B443-ADB636B3B0EA}.Release|x86.Build.0 = Release|Win32
	EndGlobalSection
	GlobalSection(SolutionProperties) = preSolution
		HideSolutionNode = FALSE
	EndGlobalSection
	GlobalSection(ExtensibilityGlobals) = postSolution
		SolutionGuid = {B4BC8E5A-E1A5-47AD-B879-2B86AF442CD8}
	EndGlobalSection
EndGlobal
